
Microsoft Visual Studio Solution File, Format Version 12.00
# Visual Studio Version 17
VisualStudioVersion = 17.3.32922.545
MinimumVisualStudioVersion = 10.0.40219.1
Project("{FAE04EC0-301F-11D3-BF4B-00C04F79EFBC}") = "BTL_nhom2_demo", "BTL_nhom2_demo\BTL_nhom2_demo.csproj", "{C481EF6A-AA34-4464-AE1F-621C2CD9E025}"
EndProject
Global
	GlobalSection(SolutionConfigurationPlatforms) = preSolution
		Debug|Any CPU = Debug|Any CPU
		Release|Any CPU = Release|Any CPU
	EndGlobalSection
	GlobalSection(ProjectConfigurationPlatforms) = postSolution
		{C481EF6A-AA34-4464-AE1F-621C2CD9E025}.Debug|Any CPU.ActiveCfg = Debug|Any CPU
		{C481EF6A-AA34-4464-AE1F-621C2CD9E025}.Debug|Any CPU.Build.0 = Debug|Any CPU
		{C481EF6A-AA34-4464-AE1F-621C2CD9E025}.Release|Any CPU.ActiveCfg = Release|Any CPU
		{C481EF6A-AA34-4464-AE1F-621C2CD9E025}.Release|Any CPU.Build.0 = Release|Any CPU
	EndGlobalSection
	GlobalSection(SolutionProperties) = preSolution
		HideSolutionNode = FALSE
	EndGlobalSection
	GlobalSection(ExtensibilityGlobals) = postSolution
		SolutionGuid = {1F2833A8-097A-4CD5-A84B-C0B39F8E9480}
	EndGlobalSection
EndGlobal
